{
  "name": "ajs-node",
  "version": "1.0.0",
  "lockfileVersion": 3,
  "requires": true,
  "packages": {
    "": {
      "name": "ajs-node",
      "version": "1.0.0",
      "license": "ISC",
      "dependencies": {
        "@strassee/ajs": "^1.0.0"
      }
    },
    "node_modules/@strassee/ajs": {
      "version": "1.0.0",
      "resolved": "https://npm.pkg.github.com/download/@strassee/ajs/1.0.0/667fcfbe969a29c9d788276fb4a5e7061bc474e8",
      "integrity": "sha512-fw5FbeaT2H7t7y6VGgz/sbSK+DyQrauKPLWNMnWeXLo+Q3mjopeC/CLAR5EzsOs6UeKlZnv7mf7/Voz/9Q9Fzw==",
      "license": "ISC"
    }
  }
}
